
Microsoft Visual Studio Solution File, Format Version 12.00
# Visual Studio 15
VisualStudioVersion = 15.0.26403.7
MinimumVisualStudioVersion = 10.0.40219.1
Project("{FAE04EC0-301F-11D3-BF4B-00C04F79EFBC}") = "ConsoleApp", "ConsoleApp\ConsoleApp.csproj", "{209DBADF-FD7C-4167-8F6E-00119F210E8C}"
EndProject
Project("{FAE04EC0-301F-11D3-BF4B-00C04F79EFBC}") = "Infra", "Infra\Infra.csproj", "{29C1973A-618B-41C0-9990-50E4A7ABC028}"
EndProject
Global
	GlobalSection(SolutionConfigurationPlatforms) = preSolution
		Debug|Any CPU = Debug|Any CPU
		Release|Any CPU = Release|Any CPU
	EndGlobalSection
	GlobalSection(ProjectConfigurationPlatforms) = postSolution
		{209DBADF-FD7C-4167-8F6E-00119F210E8C}.Debug|Any CPU.ActiveCfg = Debug|Any CPU
		{209DBADF-FD7C-4167-8F6E-00119F210E8C}.Debug|Any CPU.Build.0 = Debug|Any CPU
		{209DBADF-FD7C-4167-8F6E-00119F210E8C}.Release|Any CPU.ActiveCfg = Release|Any CPU
		{209DBADF-FD7C-4167-8F6E-00119F210E8C}.Release|Any CPU.Build.0 = Release|Any CPU
		{29C1973A-618B-41C0-9990-50E4A7ABC028}.Debug|Any CPU.ActiveCfg = Debug|Any CPU
		{29C1973A-618B-41C0-9990-50E4A7ABC028}.Debug|Any CPU.Build.0 = Debug|Any CPU
		{29C1973A-618B-41C0-9990-50E4A7ABC028}.Release|Any CPU.ActiveCfg = Release|Any CPU
		{29C1973A-618B-41C0-9990-50E4A7ABC028}.Release|Any CPU.Build.0 = Release|Any CPU
	EndGlobalSection
	GlobalSection(SolutionProperties) = preSolution
		HideSolutionNode = FALSE
	EndGlobalSection
	GlobalSection(TeamFoundationVersionControl) = preSolution
		SccNumberOfProjects = 3
		SccEnterpriseProvider = {4CA58AB2-18FA-4F8D-95D4-32DDF27D184C}
		SccTeamFoundationServer = https://racprojects.visualstudio.com/
		SccLocalPath0 = .
		SccProjectUniqueName1 = ConsoleApp\\ConsoleApp.csproj
		SccProjectName1 = ConsoleApp
		SccLocalPath1 = ConsoleApp
		SccProjectUniqueName2 = Infra\\Infra.csproj
		SccProjectName2 = Infra
		SccLocalPath2 = Infra
	EndGlobalSection
EndGlobal
