
Microsoft Visual Studio Solution File, Format Version 12.00
# Visual Studio 15
VisualStudioVersion = 15.0.26730.16
MinimumVisualStudioVersion = 10.0.40219.1
Project("{FAE04EC0-301F-11D3-BF4B-00C04F79EFBC}") = "ConsoleApp", "ConsoleApp\ConsoleApp.csproj", "{209DBADF-FD7C-4167-8F6E-00119F210E8C}"
EndProject
Project("{FAE04EC0-301F-11D3-BF4B-00C04F79EFBC}") = "DbCache.ConnectionRedis", "DbCache.ConnectionRedis\DbCache.ConnectionRedis.csproj", "{DFE8AC7B-3A3C-46C9-BA88-3F24FB52F473}"
EndProject
Project("{FAE04EC0-301F-11D3-BF4B-00C04F79EFBC}") = "ConsoleAppSingleInstance", "ConsoleAppSingleInstance\ConsoleAppSingleInstance.csproj", "{D359052C-7191-4B50-811A-25DA6210C811}"
EndProject
Project("{9A19103F-16F7-4668-BE54-9A1E7A4F7556}") = "DbCache.ConnectionRedis.Standard", "DbCache.ConnectionRedis.Standard\DbCache.ConnectionRedis.Standard.csproj", "{688FDCD3-53D7-4FEC-84A8-2CF61BB41B31}"
EndProject
Global
	GlobalSection(SolutionConfigurationPlatforms) = preSolution
		Debug|Any CPU = Debug|Any CPU
		Release|Any CPU = Release|Any CPU
	EndGlobalSection
	GlobalSection(ProjectConfigurationPlatforms) = postSolution
		{209DBADF-FD7C-4167-8F6E-00119F210E8C}.Debug|Any CPU.ActiveCfg = Debug|Any CPU
		{209DBADF-FD7C-4167-8F6E-00119F210E8C}.Debug|Any CPU.Build.0 = Debug|Any CPU
		{209DBADF-FD7C-4167-8F6E-00119F210E8C}.Release|Any CPU.ActiveCfg = Release|Any CPU
		{209DBADF-FD7C-4167-8F6E-00119F210E8C}.Release|Any CPU.Build.0 = Release|Any CPU
		{DFE8AC7B-3A3C-46C9-BA88-3F24FB52F473}.Debug|Any CPU.ActiveCfg = Debug|Any CPU
		{DFE8AC7B-3A3C-46C9-BA88-3F24FB52F473}.Debug|Any CPU.Build.0 = Debug|Any CPU
		{DFE8AC7B-3A3C-46C9-BA88-3F24FB52F473}.Release|Any CPU.ActiveCfg = Release|Any CPU
		{DFE8AC7B-3A3C-46C9-BA88-3F24FB52F473}.Release|Any CPU.Build.0 = Release|Any CPU
		{D359052C-7191-4B50-811A-25DA6210C811}.Debug|Any CPU.ActiveCfg = Debug|Any CPU
		{D359052C-7191-4B50-811A-25DA6210C811}.Debug|Any CPU.Build.0 = Debug|Any CPU
		{D359052C-7191-4B50-811A-25DA6210C811}.Release|Any CPU.ActiveCfg = Release|Any CPU
		{D359052C-7191-4B50-811A-25DA6210C811}.Release|Any CPU.Build.0 = Release|Any CPU
		{688FDCD3-53D7-4FEC-84A8-2CF61BB41B31}.Debug|Any CPU.ActiveCfg = Debug|Any CPU
		{688FDCD3-53D7-4FEC-84A8-2CF61BB41B31}.Debug|Any CPU.Build.0 = Debug|Any CPU
		{688FDCD3-53D7-4FEC-84A8-2CF61BB41B31}.Release|Any CPU.ActiveCfg = Release|Any CPU
		{688FDCD3-53D7-4FEC-84A8-2CF61BB41B31}.Release|Any CPU.Build.0 = Release|Any CPU
	EndGlobalSection
	GlobalSection(SolutionProperties) = preSolution
		HideSolutionNode = FALSE
	EndGlobalSection
	GlobalSection(ExtensibilityGlobals) = postSolution
		SolutionGuid = {8911AE1B-9BDC-46D3-A828-3A29100B4023}
	EndGlobalSection
	GlobalSection(TeamFoundationVersionControl) = preSolution
		SccNumberOfProjects = 5
		SccEnterpriseProvider = {4CA58AB2-18FA-4F8D-95D4-32DDF27D184C}
		SccTeamFoundationServer = https://racprojects.visualstudio.com/
		SccLocalPath0 = .
		SccProjectUniqueName1 = ConsoleApp\\ConsoleApp.csproj
		SccProjectName1 = ConsoleApp
		SccLocalPath1 = ConsoleApp
		SccProjectUniqueName2 = DbCache.ConnectionRedis\\DbCache.ConnectionRedis.csproj
		SccProjectName2 = DbCache.ConnectionRedis
		SccLocalPath2 = DbCache.ConnectionRedis
		SccProjectUniqueName3 = ConsoleAppSingleInstance\\ConsoleAppSingleInstance.csproj
		SccProjectName3 = ConsoleAppSingleInstance
		SccLocalPath3 = ConsoleAppSingleInstance
		SccProjectUniqueName4 = DbCache.ConnectionRedis.Standard\\DbCache.ConnectionRedis.Standard.csproj
		SccProjectName4 = DbCache.ConnectionRedis.Standard
		SccLocalPath4 = DbCache.ConnectionRedis.Standard
	EndGlobalSection
EndGlobal
